
Microsoft Visual Studio Solution File, Format Version 12.00
# Visual Studio Version 17
VisualStudioVersion = 17.10.34916.146
MinimumVisualStudioVersion = 10.0.40219.1
Project("{FAE04EC0-301F-11D3-BF4B-00C04F79EFBC}") = "Silicon_NewsletterProvider", "Silicon_NewsletterProvider\Silicon_NewsletterProvider.csproj", "{5BDE9ECC-E45A-4816-A5B6-C388154AC9D1}"
EndProject
Project("{FAE04EC0-301F-11D3-BF4B-00C04F79EFBC}") = "Data", "Data\Data.csproj", "{A557C501-339B-4EE4-AFD8-D3AF50D84E9C}"
EndProject
Global
	GlobalSection(SolutionConfigurationPlatforms) = preSolution
		Debug|Any CPU = Debug|Any CPU
		Release|Any CPU = Release|Any CPU
	EndGlobalSection
	GlobalSection(ProjectConfigurationPlatforms) = postSolution
		{5BDE9ECC-E45A-4816-A5B6-C388154AC9D1}.Debug|Any CPU.ActiveCfg = Debug|Any CPU
		{5BDE9ECC-E45A-4816-A5B6-C388154AC9D1}.Debug|Any CPU.Build.0 = Debug|Any CPU
		{5BDE9ECC-E45A-4816-A5B6-C388154AC9D1}.Release|Any CPU.ActiveCfg = Release|Any CPU
		{5BDE9ECC-E45A-4816-A5B6-C388154AC9D1}.Release|Any CPU.Build.0 = Release|Any CPU
		{A557C501-339B-4EE4-AFD8-D3AF50D84E9C}.Debug|Any CPU.ActiveCfg = Debug|Any CPU
		{A557C501-339B-4EE4-AFD8-D3AF50D84E9C}.Debug|Any CPU.Build.0 = Debug|Any CPU
		{A557C501-339B-4EE4-AFD8-D3AF50D84E9C}.Release|Any CPU.ActiveCfg = Release|Any CPU
		{A557C501-339B-4EE4-AFD8-D3AF50D84E9C}.Release|Any CPU.Build.0 = Release|Any CPU
	EndGlobalSection
	GlobalSection(SolutionProperties) = preSolution
		HideSolutionNode = FALSE
	EndGlobalSection
	GlobalSection(ExtensibilityGlobals) = postSolution
		SolutionGuid = {4F1221E7-F989-433D-A862-50E63F8A0DBF}
	EndGlobalSection
EndGlobal
